
Microsoft Visual Studio Solution File, Format Version 12.00
# Visual Studio Version 17
VisualStudioVersion = 17.0.31903.59
MinimumVisualStudioVersion = 10.0.40219.1
Project("{9A19103F-16F7-4668-BE54-9A1E7A4F7556}") = "Artemis.Plugins.LayerBrushes.Gif", "Artemis.Plugins.LayerBrushes.Gif\Artemis.Plugins.LayerBrushes.Gif.csproj", "{DDB60A1E-BA5F-45FA-9FF8-D038B503C1FA}"
EndProject
Project("{9A19103F-16F7-4668-BE54-9A1E7A4F7556}") = "Artemis.Plugins.LayerBrushes.Chroma", "Artemis.Plugins.LayerBrushes.Chroma\Artemis.Plugins.LayerBrushes.Chroma.csproj", "{3FF2D4CC-3798-4B91-A6D4-6A29D6A54A61}"
EndProject
Project("{9A19103F-16F7-4668-BE54-9A1E7A4F7556}") = "Artemis.Plugins.LayerBrushes.Particle", "Artemis.Plugins.LayerBrushes.Particle\Artemis.Plugins.LayerBrushes.Particle.csproj", "{058E7B0B-141C-4169-9A7C-A18680C3BBCD}"
EndProject
Project("{9A19103F-16F7-4668-BE54-9A1E7A4F7556}") = "Artemis.Plugins.Modules.Discord", "Artemis.Plugins.Modules.Discord\Artemis.Plugins.Modules.Discord.csproj", "{69EC267A-EDA1-4166-AC28-011E28ECE78F}"
EndProject
Project("{9A19103F-16F7-4668-BE54-9A1E7A4F7556}") = "Artemis.Plugins.Modules.Spotify", "Artemis.Plugins.Modules.Spotify\Artemis.Plugins.Modules.Spotify.csproj", "{E403010D-EAF8-4D29-B33A-EF58E9341BE7}"
EndProject
Project("{9A19103F-16F7-4668-BE54-9A1E7A4F7556}") = "Artemis.Plugins.Modules.OBS", "Artemis.Plugins.Modules.OBS\Artemis.Plugins.Modules.OBS.csproj", "{D006F4BF-1724-4FF1-AD9F-A21605DDCBC4}"
EndProject
Project("{9A19103F-16F7-4668-BE54-9A1E7A4F7556}") = "Artemis.Plugins.Modules.VoiceMeeter", "Artemis.Plugins.Modules.VoiceMeeter\Artemis.Plugins.Modules.VoiceMeeter.csproj", "{476B5980-33CC-4E9A-B8EB-E7E9E7564609}"
EndProject
Global
	GlobalSection(SolutionConfigurationPlatforms) = preSolution
		Debug|x64 = Debug|x64
		Release|x64 = Release|x64
	EndGlobalSection
	GlobalSection(ProjectConfigurationPlatforms) = postSolution
		{DDB60A1E-BA5F-45FA-9FF8-D038B503C1FA}.Debug|x64.ActiveCfg = Debug|x64
		{DDB60A1E-BA5F-45FA-9FF8-D038B503C1FA}.Debug|x64.Build.0 = Debug|x64
		{DDB60A1E-BA5F-45FA-9FF8-D038B503C1FA}.Release|x64.ActiveCfg = Release|x64
		{DDB60A1E-BA5F-45FA-9FF8-D038B503C1FA}.Release|x64.Build.0 = Release|x64
		{3FF2D4CC-3798-4B91-A6D4-6A29D6A54A61}.Debug|x64.ActiveCfg = Debug|x64
		{3FF2D4CC-3798-4B91-A6D4-6A29D6A54A61}.Debug|x64.Build.0 = Debug|x64
		{3FF2D4CC-3798-4B91-A6D4-6A29D6A54A61}.Release|x64.ActiveCfg = Release|x64
		{3FF2D4CC-3798-4B91-A6D4-6A29D6A54A61}.Release|x64.Build.0 = Release|x64
		{058E7B0B-141C-4169-9A7C-A18680C3BBCD}.Debug|x64.ActiveCfg = Debug|x64
		{058E7B0B-141C-4169-9A7C-A18680C3BBCD}.Debug|x64.Build.0 = Debug|x64
		{058E7B0B-141C-4169-9A7C-A18680C3BBCD}.Release|x64.ActiveCfg = Release|x64
		{058E7B0B-141C-4169-9A7C-A18680C3BBCD}.Release|x64.Build.0 = Release|x64
		{69EC267A-EDA1-4166-AC28-011E28ECE78F}.Debug|x64.ActiveCfg = Debug|x64
		{69EC267A-EDA1-4166-AC28-011E28ECE78F}.Debug|x64.Build.0 = Debug|x64
		{69EC267A-EDA1-4166-AC28-011E28ECE78F}.Release|x64.ActiveCfg = Release|x64
		{69EC267A-EDA1-4166-AC28-011E28ECE78F}.Release|x64.Build.0 = Release|x64
		{E403010D-EAF8-4D29-B33A-EF58E9341BE7}.Debug|x64.ActiveCfg = Debug|x64
		{E403010D-EAF8-4D29-B33A-EF58E9341BE7}.Debug|x64.Build.0 = Debug|x64
		{E403010D-EAF8-4D29-B33A-EF58E9341BE7}.Release|x64.ActiveCfg = Release|x64
		{E403010D-EAF8-4D29-B33A-EF58E9341BE7}.Release|x64.Build.0 = Release|x64
		{D006F4BF-1724-4FF1-AD9F-A21605DDCBC4}.Debug|x64.ActiveCfg = Debug|x64
		{D006F4BF-1724-4FF1-AD9F-A21605DDCBC4}.Debug|x64.Build.0 = Debug|x64
		{D006F4BF-1724-4FF1-AD9F-A21605DDCBC4}.Release|x64.ActiveCfg = Release|x64
		{D006F4BF-1724-4FF1-AD9F-A21605DDCBC4}.Release|x64.Build.0 = Release|x64
		{476B5980-33CC-4E9A-B8EB-E7E9E7564609}.Debug|x64.ActiveCfg = Debug|x64
		{476B5980-33CC-4E9A-B8EB-E7E9E7564609}.Debug|x64.Build.0 = Debug|x64
		{476B5980-33CC-4E9A-B8EB-E7E9E7564609}.Release|x64.ActiveCfg = Release|x64
		{476B5980-33CC-4E9A-B8EB-E7E9E7564609}.Release|x64.Build.0 = Release|x64
	EndGlobalSection
	GlobalSection(SolutionProperties) = preSolution
		HideSolutionNode = FALSE
	EndGlobalSection
	GlobalSection(ExtensibilityGlobals) = postSolution
		SolutionGuid = {D87FE810-F20D-476A-8FE6-41BD3AC75D49}
	EndGlobalSection
EndGlobal
