
Microsoft Visual Studio Solution File, Format Version 12.00
# Visual Studio Version 16
VisualStudioVersion = 16.0.30413.136
MinimumVisualStudioVersion = 10.0.40219.1
Project("{2150E333-8FDC-42A3-9474-1A3956D46DE8}") = "Modules", "Modules", "{4F6A7057-E0EE-4584-9785-87EA6B362429}"
EndProject
Project("{2150E333-8FDC-42A3-9474-1A3956D46DE8}") = "LayerBrushes", "LayerBrushes", "{B28A4ED3-D452-43C6-95A4-DA9D828E1B45}"
EndProject
Project("{2150E333-8FDC-42A3-9474-1A3956D46DE8}") = "DataModelExpansions", "DataModelExpansions", "{02703C39-EEAE-42DF-BC48-0252E7E08007}"
EndProject
Project("{9A19103F-16F7-4668-BE54-9A1E7A4F7556}") = "Artemis.Plugins.LayerBrushes.Gif", "Artemis.Plugins.LayerBrushes.Gif\Artemis.Plugins.LayerBrushes.Gif.csproj", "{DDB60A1E-BA5F-45FA-9FF8-D038B503C1FA}"
EndProject
Project("{9A19103F-16F7-4668-BE54-9A1E7A4F7556}") = "Artemis.Plugins.Modules.LeagueOfLegends", "Artemis.Plugins.Modules.LeagueOfLegends\Artemis.Plugins.Modules.LeagueOfLegends.csproj", "{55A728EE-76D6-492E-A45C-FADAC7FDECEE}"
EndProject
Project("{9A19103F-16F7-4668-BE54-9A1E7A4F7556}") = "Artemis.Plugins.DataModelExpansions.HardwareMonitor", "Artemis.Plugins.DataModelExpansions.HardwareMonitor\Artemis.Plugins.DataModelExpansions.HardwareMonitor.csproj", "{17AC4F31-51F2-4FC6-9AB4-1D72B1FE6023}"
EndProject
Project("{9A19103F-16F7-4668-BE54-9A1E7A4F7556}") = "Artemis.Plugins.LayerBrushes.Chroma", "Artemis.Plugins.LayerBrushes.Chroma\Artemis.Plugins.LayerBrushes.Chroma.csproj", "{3FF2D4CC-3798-4B91-A6D4-6A29D6A54A61}"
EndProject
Project("{9A19103F-16F7-4668-BE54-9A1E7A4F7556}") = "Artemis.Plugins.DataModelExpansions.Spotify", "Artemis.Plugins.DataModelExpansions.Spotify\Artemis.Plugins.DataModelExpansions.Spotify.csproj", "{09090D32-10C0-42BD-AE9B-F2CA381C875E}"
EndProject
Project("{9A19103F-16F7-4668-BE54-9A1E7A4F7556}") = "Artemis.Plugins.DataModelExpansions.OBS", "Artemis.Plugins.DataModelExpansions.OBS\Artemis.Plugins.DataModelExpansions.OBS.csproj", "{390B0800-9119-4070-B9B3-CC71DE42BD2F}"
EndProject
Project("{9A19103F-16F7-4668-BE54-9A1E7A4F7556}") = "Artemis.Plugins.Modules.Fallout4", "Artemis.Plugins.Modules.Fallout4\Artemis.Plugins.Modules.Fallout4.csproj", "{EA3D651A-1487-40D2-88DC-C6C5FBAB42FA}"
EndProject
Project("{9A19103F-16F7-4668-BE54-9A1E7A4F7556}") = "Artemis.Plugins.LayerBrushes.Particle", "Artemis.Plugins.LayerBrushes.Particle\Artemis.Plugins.LayerBrushes.Particle.csproj", "{058E7B0B-141C-4169-9A7C-A18680C3BBCD}"
EndProject
Project("{9A19103F-16F7-4668-BE54-9A1E7A4F7556}") = "Artemis.Plugins.DataModelExpansions.StandaloneHardwareMonitor", "Artemis.Plugins.DataModelExpansions.StandaloneHardwareMonitor\Artemis.Plugins.DataModelExpansions.StandaloneHardwareMonitor.csproj", "{C5D4A7C9-4B7C-494B-BA36-62695F7B6E0E}"
EndProject
Project("{9A19103F-16F7-4668-BE54-9A1E7A4F7556}") = "Artemis.Plugins.DataModelExpansions.Discord", "Artemis.Plugins.DataModelExpansions.Discord\Artemis.Plugins.DataModelExpansions.Discord.csproj", "{ED13A1B2-81A3-41A7-8F19-AD4A38BF3931}"
EndProject
Project("{9A19103F-16F7-4668-BE54-9A1E7A4F7556}") = "Artemis.Plugins.LayerBrushes.Ambilight", "Artemis.Plugins.LayerBrushes.Ambilight\Artemis.Plugins.LayerBrushes.Ambilight.csproj", "{75F4ADDB-CB2B-4B58-B762-E053D2AF1444}"
EndProject
Project("{FAE04EC0-301F-11D3-BF4B-00C04F79EFBC}") = "Artemis.Plugins.DataModelExpansions.Aida64", "Artemis.Plugins.DataModelExpansions.Aida64\Artemis.Plugins.DataModelExpansions.Aida64.csproj", "{F205514F-B31B-4A85-BFD4-2C5EF73770C1}"
EndProject
Global
	GlobalSection(SolutionConfigurationPlatforms) = preSolution
		Debug|x64 = Debug|x64
		Release|x64 = Release|x64
	EndGlobalSection
	GlobalSection(ProjectConfigurationPlatforms) = postSolution
		{DDB60A1E-BA5F-45FA-9FF8-D038B503C1FA}.Debug|x64.ActiveCfg = Debug|x64
		{DDB60A1E-BA5F-45FA-9FF8-D038B503C1FA}.Debug|x64.Build.0 = Debug|x64
		{DDB60A1E-BA5F-45FA-9FF8-D038B503C1FA}.Release|x64.ActiveCfg = Release|x64
		{DDB60A1E-BA5F-45FA-9FF8-D038B503C1FA}.Release|x64.Build.0 = Release|x64
		{55A728EE-76D6-492E-A45C-FADAC7FDECEE}.Debug|x64.ActiveCfg = Debug|x64
		{55A728EE-76D6-492E-A45C-FADAC7FDECEE}.Debug|x64.Build.0 = Debug|x64
		{55A728EE-76D6-492E-A45C-FADAC7FDECEE}.Release|x64.ActiveCfg = Release|x64
		{55A728EE-76D6-492E-A45C-FADAC7FDECEE}.Release|x64.Build.0 = Release|x64
		{17AC4F31-51F2-4FC6-9AB4-1D72B1FE6023}.Debug|x64.ActiveCfg = Debug|x64
		{17AC4F31-51F2-4FC6-9AB4-1D72B1FE6023}.Debug|x64.Build.0 = Debug|x64
		{17AC4F31-51F2-4FC6-9AB4-1D72B1FE6023}.Release|x64.ActiveCfg = Release|x64
		{17AC4F31-51F2-4FC6-9AB4-1D72B1FE6023}.Release|x64.Build.0 = Release|x64
		{3FF2D4CC-3798-4B91-A6D4-6A29D6A54A61}.Debug|x64.ActiveCfg = Debug|x64
		{3FF2D4CC-3798-4B91-A6D4-6A29D6A54A61}.Debug|x64.Build.0 = Debug|x64
		{3FF2D4CC-3798-4B91-A6D4-6A29D6A54A61}.Release|x64.ActiveCfg = Release|x64
		{3FF2D4CC-3798-4B91-A6D4-6A29D6A54A61}.Release|x64.Build.0 = Release|x64
		{09090D32-10C0-42BD-AE9B-F2CA381C875E}.Debug|x64.ActiveCfg = Debug|x64
		{09090D32-10C0-42BD-AE9B-F2CA381C875E}.Debug|x64.Build.0 = Debug|x64
		{09090D32-10C0-42BD-AE9B-F2CA381C875E}.Release|x64.ActiveCfg = Release|x64
		{09090D32-10C0-42BD-AE9B-F2CA381C875E}.Release|x64.Build.0 = Release|x64
		{390B0800-9119-4070-B9B3-CC71DE42BD2F}.Debug|x64.ActiveCfg = Debug|x64
		{390B0800-9119-4070-B9B3-CC71DE42BD2F}.Debug|x64.Build.0 = Debug|x64
		{390B0800-9119-4070-B9B3-CC71DE42BD2F}.Release|x64.ActiveCfg = Release|x64
		{390B0800-9119-4070-B9B3-CC71DE42BD2F}.Release|x64.Build.0 = Release|x64
		{EA3D651A-1487-40D2-88DC-C6C5FBAB42FA}.Debug|x64.ActiveCfg = Debug|x64
		{EA3D651A-1487-40D2-88DC-C6C5FBAB42FA}.Debug|x64.Build.0 = Debug|x64
		{EA3D651A-1487-40D2-88DC-C6C5FBAB42FA}.Release|x64.ActiveCfg = Release|x64
		{EA3D651A-1487-40D2-88DC-C6C5FBAB42FA}.Release|x64.Build.0 = Release|x64
		{058E7B0B-141C-4169-9A7C-A18680C3BBCD}.Debug|x64.ActiveCfg = Debug|x64
		{058E7B0B-141C-4169-9A7C-A18680C3BBCD}.Debug|x64.Build.0 = Debug|x64
		{058E7B0B-141C-4169-9A7C-A18680C3BBCD}.Release|x64.ActiveCfg = Release|x64
		{058E7B0B-141C-4169-9A7C-A18680C3BBCD}.Release|x64.Build.0 = Release|x64
		{C5D4A7C9-4B7C-494B-BA36-62695F7B6E0E}.Debug|x64.ActiveCfg = Debug|x64
		{C5D4A7C9-4B7C-494B-BA36-62695F7B6E0E}.Debug|x64.Build.0 = Debug|x64
		{C5D4A7C9-4B7C-494B-BA36-62695F7B6E0E}.Release|x64.ActiveCfg = Release|x64
		{C5D4A7C9-4B7C-494B-BA36-62695F7B6E0E}.Release|x64.Build.0 = Release|x64
		{ED13A1B2-81A3-41A7-8F19-AD4A38BF3931}.Debug|x64.ActiveCfg = Debug|x64
		{ED13A1B2-81A3-41A7-8F19-AD4A38BF3931}.Debug|x64.Build.0 = Debug|x64
		{ED13A1B2-81A3-41A7-8F19-AD4A38BF3931}.Release|x64.ActiveCfg = Release|x64
		{ED13A1B2-81A3-41A7-8F19-AD4A38BF3931}.Release|x64.Build.0 = Release|x64
		{75F4ADDB-CB2B-4B58-B762-E053D2AF1444}.Debug|x64.ActiveCfg = Debug|x64
		{75F4ADDB-CB2B-4B58-B762-E053D2AF1444}.Debug|x64.Build.0 = Debug|x64
		{75F4ADDB-CB2B-4B58-B762-E053D2AF1444}.Release|x64.ActiveCfg = Release|x64
		{75F4ADDB-CB2B-4B58-B762-E053D2AF1444}.Release|x64.Build.0 = Release|x64
		{F205514F-B31B-4A85-BFD4-2C5EF73770C1}.Debug|x64.ActiveCfg = Debug|x64
		{F205514F-B31B-4A85-BFD4-2C5EF73770C1}.Debug|x64.Build.0 = Debug|x64
		{F205514F-B31B-4A85-BFD4-2C5EF73770C1}.Release|x64.ActiveCfg = Release|x64
		{F205514F-B31B-4A85-BFD4-2C5EF73770C1}.Release|x64.Build.0 = Release|x64
	EndGlobalSection
	GlobalSection(SolutionProperties) = preSolution
		HideSolutionNode = FALSE
	EndGlobalSection
	GlobalSection(NestedProjects) = preSolution
		{DDB60A1E-BA5F-45FA-9FF8-D038B503C1FA} = {B28A4ED3-D452-43C6-95A4-DA9D828E1B45}
		{55A728EE-76D6-492E-A45C-FADAC7FDECEE} = {4F6A7057-E0EE-4584-9785-87EA6B362429}
		{17AC4F31-51F2-4FC6-9AB4-1D72B1FE6023} = {02703C39-EEAE-42DF-BC48-0252E7E08007}
		{3FF2D4CC-3798-4B91-A6D4-6A29D6A54A61} = {B28A4ED3-D452-43C6-95A4-DA9D828E1B45}
		{09090D32-10C0-42BD-AE9B-F2CA381C875E} = {02703C39-EEAE-42DF-BC48-0252E7E08007}
		{390B0800-9119-4070-B9B3-CC71DE42BD2F} = {02703C39-EEAE-42DF-BC48-0252E7E08007}
		{EA3D651A-1487-40D2-88DC-C6C5FBAB42FA} = {4F6A7057-E0EE-4584-9785-87EA6B362429}
		{058E7B0B-141C-4169-9A7C-A18680C3BBCD} = {B28A4ED3-D452-43C6-95A4-DA9D828E1B45}
		{C5D4A7C9-4B7C-494B-BA36-62695F7B6E0E} = {02703C39-EEAE-42DF-BC48-0252E7E08007}
		{ED13A1B2-81A3-41A7-8F19-AD4A38BF3931} = {02703C39-EEAE-42DF-BC48-0252E7E08007}
		{75F4ADDB-CB2B-4B58-B762-E053D2AF1444} = {B28A4ED3-D452-43C6-95A4-DA9D828E1B45}
		{F205514F-B31B-4A85-BFD4-2C5EF73770C1} = {02703C39-EEAE-42DF-BC48-0252E7E08007}
	EndGlobalSection
	GlobalSection(ExtensibilityGlobals) = postSolution
		SolutionGuid = {D87FE810-F20D-476A-8FE6-41BD3AC75D49}
	EndGlobalSection
EndGlobal
